
Microsoft Visual Studio Solution File, Format Version 12.00
# Visual Studio Version 17
VisualStudioVersion = 17.7.34003.232
MinimumVisualStudioVersion = 10.0.40219.1
Project("{FAE04EC0-301F-11D3-BF4B-00C04F79EFBC}") = "WebApi", "WebApi\WebApi.csproj", "{0F2849E1-645A-40FA-92F0-F2CD1E3B4B3E}"
EndProject
Project("{FAE04EC0-301F-11D3-BF4B-00C04F79EFBC}") = "Persistance", "Persistance\Persistance.csproj", "{8AE68812-C30A-4BCB-AA48-8A0CFDBF13FC}"
EndProject
Project("{FAE04EC0-301F-11D3-BF4B-00C04F79EFBC}") = "Domain", "Domain\Domain.csproj", "{1B2BA8D2-862F-449E-99AE-9DCB4AFF92B7}"
EndProject
Project("{FAE04EC0-301F-11D3-BF4B-00C04F79EFBC}") = "Application", "Application\Application.csproj", "{D7AC1429-9FA6-41CE-A5B3-C3B00C102D0A}"
EndProject
Project("{FAE04EC0-301F-11D3-BF4B-00C04F79EFBC}") = "Infrastructure", "Infrastructure\Infrastructure.csproj", "{6E2484FE-7B9D-44CD-B329-C58DDD65698E}"
EndProject
Global
	GlobalSection(SolutionConfigurationPlatforms) = preSolution
		Debug|Any CPU = Debug|Any CPU
		Release|Any CPU = Release|Any CPU
	EndGlobalSection
	GlobalSection(ProjectConfigurationPlatforms) = postSolution
		{0F2849E1-645A-40FA-92F0-F2CD1E3B4B3E}.Debug|Any CPU.ActiveCfg = Debug|Any CPU
		{0F2849E1-645A-40FA-92F0-F2CD1E3B4B3E}.Debug|Any CPU.Build.0 = Debug|Any CPU
		{0F2849E1-645A-40FA-92F0-F2CD1E3B4B3E}.Release|Any CPU.ActiveCfg = Release|Any CPU
		{0F2849E1-645A-40FA-92F0-F2CD1E3B4B3E}.Release|Any CPU.Build.0 = Release|Any CPU
		{8AE68812-C30A-4BCB-AA48-8A0CFDBF13FC}.Debug|Any CPU.ActiveCfg = Debug|Any CPU
		{8AE68812-C30A-4BCB-AA48-8A0CFDBF13FC}.Debug|Any CPU.Build.0 = Debug|Any CPU
		{8AE68812-C30A-4BCB-AA48-8A0CFDBF13FC}.Release|Any CPU.ActiveCfg = Release|Any CPU
		{8AE68812-C30A-4BCB-AA48-8A0CFDBF13FC}.Release|Any CPU.Build.0 = Release|Any CPU
		{1B2BA8D2-862F-449E-99AE-9DCB4AFF92B7}.Debug|Any CPU.ActiveCfg = Debug|Any CPU
		{1B2BA8D2-862F-449E-99AE-9DCB4AFF92B7}.Debug|Any CPU.Build.0 = Debug|Any CPU
		{1B2BA8D2-862F-449E-99AE-9DCB4AFF92B7}.Release|Any CPU.ActiveCfg = Release|Any CPU
		{1B2BA8D2-862F-449E-99AE-9DCB4AFF92B7}.Release|Any CPU.Build.0 = Release|Any CPU
		{D7AC1429-9FA6-41CE-A5B3-C3B00C102D0A}.Debug|Any CPU.ActiveCfg = Debug|Any CPU
		{D7AC1429-9FA6-41CE-A5B3-C3B00C102D0A}.Debug|Any CPU.Build.0 = Debug|Any CPU
		{D7AC1429-9FA6-41CE-A5B3-C3B00C102D0A}.Release|Any CPU.ActiveCfg = Release|Any CPU
		{D7AC1429-9FA6-41CE-A5B3-C3B00C102D0A}.Release|Any CPU.Build.0 = Release|Any CPU
		{6E2484FE-7B9D-44CD-B329-C58DDD65698E}.Debug|Any CPU.ActiveCfg = Debug|Any CPU
		{6E2484FE-7B9D-44CD-B329-C58DDD65698E}.Debug|Any CPU.Build.0 = Debug|Any CPU
		{6E2484FE-7B9D-44CD-B329-C58DDD65698E}.Release|Any CPU.ActiveCfg = Release|Any CPU
		{6E2484FE-7B9D-44CD-B329-C58DDD65698E}.Release|Any CPU.Build.0 = Release|Any CPU
	EndGlobalSection
	GlobalSection(SolutionProperties) = preSolution
		HideSolutionNode = FALSE
	EndGlobalSection
	GlobalSection(ExtensibilityGlobals) = postSolution
		SolutionGuid = {17979739-411B-4730-8B90-156B65F3C62B}
	EndGlobalSection
EndGlobal
